
Microsoft Visual Studio Solution File, Format Version 12.00
# Visual Studio Version 16
VisualStudioVersion = 16.0.31025.194
MinimumVisualStudioVersion = 10.0.40219.1
Project("{FAE04EC0-301F-11D3-BF4B-00C04F79EFBC}") = "OOPBasicExample", "OOPBasicExample\OOPBasicExample.csproj", "{E0E52BFF-B680-4257-AEDF-95CCCAF9875E}"
EndProject
Global
	GlobalSection(SolutionConfigurationPlatforms) = preSolution
		Debug|Any CPU = Debug|Any CPU
		Release|Any CPU = Release|Any CPU
	EndGlobalSection
	GlobalSection(ProjectConfigurationPlatforms) = postSolution
		{E0E52BFF-B680-4257-AEDF-95CCCAF9875E}.Debug|Any CPU.ActiveCfg = Debug|Any CPU
		{E0E52BFF-B680-4257-AEDF-95CCCAF9875E}.Debug|Any CPU.Build.0 = Debug|Any CPU
		{E0E52BFF-B680-4257-AEDF-95CCCAF9875E}.Release|Any CPU.ActiveCfg = Release|Any CPU
		{E0E52BFF-B680-4257-AEDF-95CCCAF9875E}.Release|Any CPU.Build.0 = Release|Any CPU
	EndGlobalSection
	GlobalSection(SolutionProperties) = preSolution
		HideSolutionNode = FALSE
	EndGlobalSection
	GlobalSection(ExtensibilityGlobals) = postSolution
		SolutionGuid = {429DE693-9F72-4D42-9892-0AC9260727A8}
	EndGlobalSection
EndGlobal
